// !$*UTF8*$!
{
	archiveVersion = 1;
	classes = {
	};
	objectVersion = 50;
	objects = {

/* Begin PBXBuildFile section */
		7B09F48E2526BC1300434C6D /* ShimmerLayer.swift in Sources */ = {isa = PBXBuildFile; fileRef = 7B09F48D2526BC1300434C6D /* ShimmerLayer.swift */; };
		7B1109A7251C3A1B008F11B2 /* TableViewCollectionCell.swift in Sources */ = {isa = PBXBuildFile; fileRef = 7B1109A6251C3A1B008F11B2 /* TableViewCollectionCell.swift */; };
		7B1109AB251C3AFF008F11B2 /* Model.swift in Sources */ = {isa = PBXBuildFile; fileRef = 7B1109AA251C3AFF008F11B2 /* Model.swift */; };
		7B1109AF251C3D0B008F11B2 /* CollectionViewCell.swift in Sources */ = {isa = PBXBuildFile; fileRef = 7B1109AE251C3D0B008F11B2 /* CollectionViewCell.swift */; };
		7B67A843252806E1006505C2 /* DetailViewController.swift in Sources */ = {isa = PBXBuildFile; fileRef = 7B67A842252806E1006505C2 /* DetailViewController.swift */; };
		7B875CCE25151BAE00CB2A6C /* AppDelegate.swift in Sources */ = {isa = PBXBuildFile; fileRef = 7B875CCD25151BAE00CB2A6C /* AppDelegate.swift */; };
		7B875CD025151BAE00CB2A6C /* SceneDelegate.swift in Sources */ = {isa = PBXBuildFile; fileRef = 7B875CCF25151BAE00CB2A6C /* SceneDelegate.swift */; };
		7B875CD225151BAE00CB2A6C /* HomeViewController.swift in Sources */ = {isa = PBXBuildFile; fileRef = 7B875CD125151BAE00CB2A6C /* HomeViewController.swift */; };
		7B875CD725151BAF00CB2A6C /* Assets.xcassets in Resources */ = {isa = PBXBuildFile; fileRef = 7B875CD625151BAF00CB2A6C /* Assets.xcassets */; };
		7B875CDA25151BAF00CB2A6C /* LaunchScreen.storyboard in Resources */ = {isa = PBXBuildFile; fileRef = 7B875CD825151BAF00CB2A6C /* LaunchScreen.storyboard */; };
		7B875CE225151BDD00CB2A6C /* APIMethods.swift in Sources */ = {isa = PBXBuildFile; fileRef = 7B875CE125151BDD00CB2A6C /* APIMethods.swift */; };
		7B8AB246251FF57B0061AF7D /* Protocols.swift in Sources */ = {isa = PBXBuildFile; fileRef = 7B8AB245251FF57B0061AF7D /* Protocols.swift */; };
		7B8AB253252009220061AF7D /* CellLongPressViewController.swift in Sources */ = {isa = PBXBuildFile; fileRef = 7B8AB252252009220061AF7D /* CellLongPressViewController.swift */; };
		7BA28D6225290FE800CADEC0 /* BirthdayPictureViewController.swift in Sources */ = {isa = PBXBuildFile; fileRef = 7BA28D6125290FE800CADEC0 /* BirthdayPictureViewController.swift */; };
		7BCB85E725198CB900311897 /* Helper.swift in Sources */ = {isa = PBXBuildFile; fileRef = 7BCB85E625198CB900311897 /* Helper.swift */; };
		7BCB85E9251994FE00311897 /* Constants.swift in Sources */ = {isa = PBXBuildFile; fileRef = 7BCB85E8251994FE00311897 /* Constants.swift */; };
		7BD3FEA12524342A009933D8 /* APOD.swift in Sources */ = {isa = PBXBuildFile; fileRef = 7BD3FEA02524342A009933D8 /* APOD.swift */; };
/* End PBXBuildFile section */

/* Begin PBXFileReference section */
		7B09F48D2526BC1300434C6D /* ShimmerLayer.swift */ = {isa = PBXFileReference; lastKnownFileType = sourcecode.swift; path = ShimmerLayer.swift; sourceTree = "<group>"; };
		7B1109A6251C3A1B008F11B2 /* TableViewCollectionCell.swift */ = {isa = PBXFileReference; lastKnownFileType = sourcecode.swift; path = TableViewCollectionCell.swift; sourceTree = "<group>"; };
		7B1109AA251C3AFF008F11B2 /* Model.swift */ = {isa = PBXFileReference; lastKnownFileType = sourcecode.swift; path = Model.swift; sourceTree = "<group>"; };
		7B1109AE251C3D0B008F11B2 /* CollectionViewCell.swift */ = {isa = PBXFileReference; lastKnownFileType = sourcecode.swift; path = CollectionViewCell.swift; sourceTree = "<group>"; };
		7B67A842252806E1006505C2 /* DetailViewController.swift */ = {isa = PBXFileReference; lastKnownFileType = sourcecode.swift; path = DetailViewController.swift; sourceTree = "<group>"; };
		7B875CCA25151BAE00CB2A6C /* NasaAPI.app */ = {isa = PBXFileReference; explicitFileType = wrapper.application; includeInIndex = 0; path = NasaAPI.app; sourceTree = BUILT_PRODUCTS_DIR; };
		7B875CCD25151BAE00CB2A6C /* AppDelegate.swift */ = {isa = PBXFileReference; lastKnownFileType = sourcecode.swift; path = AppDelegate.swift; sourceTree = "<group>"; };
		7B875CCF25151BAE00CB2A6C /* SceneDelegate.swift */ = {isa = PBXFileReference; lastKnownFileType = sourcecode.swift; path = SceneDelegate.swift; sourceTree = "<group>"; };
		7B875CD125151BAE00CB2A6C /* HomeViewController.swift */ = {isa = PBXFileReference; lastKnownFileType = sourcecode.swift; path = HomeViewController.swift; sourceTree = "<group>"; };
		7B875CD625151BAF00CB2A6C /* Assets.xcassets */ = {isa = PBXFileReference; lastKnownFileType = folder.assetcatalog; path = Assets.xcassets; sourceTree = "<group>"; };
		7B875CD925151BAF00CB2A6C /* Base */ = {isa = PBXFileReference; lastKnownFileType = file.storyboard; name = Base; path = Base.lproj/LaunchScreen.storyboard; sourceTree = "<group>"; };
		7B875CDB25151BAF00CB2A6C /* Info.plist */ = {isa = PBXFileReference; lastKnownFileType = text.plist.xml; path = Info.plist; sourceTree = "<group>"; };
		7B875CE125151BDD00CB2A6C /* APIMethods.swift */ = {isa = PBXFileReference; lastKnownFileType = sourcecode.swift; path = APIMethods.swift; sourceTree = "<group>"; };
		7B8AB245251FF57B0061AF7D /* Protocols.swift */ = {isa = PBXFileReference; lastKnownFileType = sourcecode.swift; path = Protocols.swift; sourceTree = "<group>"; };
		7B8AB252252009220061AF7D /* CellLongPressViewController.swift */ = {isa = PBXFileReference; lastKnownFileType = sourcecode.swift; path = CellLongPressViewController.swift; sourceTree = "<group>"; };
		7BA28D6125290FE800CADEC0 /* BirthdayPictureViewController.swift */ = {isa = PBXFileReference; lastKnownFileType = sourcecode.swift; path = BirthdayPictureViewController.swift; sourceTree = "<group>"; };
		7BCB85E625198CB900311897 /* Helper.swift */ = {isa = PBXFileReference; lastKnownFileType = sourcecode.swift; path = Helper.swift; sourceTree = "<group>"; };
		7BCB85E8251994FE00311897 /* Constants.swift */ = {isa = PBXFileReference; lastKnownFileType = sourcecode.swift; path = Constants.swift; sourceTree = "<group>"; };
		7BD3FEA02524342A009933D8 /* APOD.swift */ = {isa = PBXFileReference; lastKnownFileType = sourcecode.swift; path = APOD.swift; sourceTree = "<group>"; };
/* End PBXFileReference section */

/* Begin PBXFrameworksBuildPhase section */
		7B875CC725151BAE00CB2A6C /* Frameworks */ = {
			isa = PBXFrameworksBuildPhase;
			buildActionMask = 2147483647;
			files = (
			);
			runOnlyForDeploymentPostprocessing = 0;
		};
/* End PBXFrameworksBuildPhase section */

/* Begin PBXGroup section */
		7B09F48B2526B98600434C6D /* APOD */ = {
			isa = PBXGroup;
			children = (
				7B1109A6251C3A1B008F11B2 /* TableViewCollectionCell.swift */,
				7B1109AE251C3D0B008F11B2 /* CollectionViewCell.swift */,
			);
			path = APOD;
			sourceTree = "<group>";
		};
		7B1109A5251C39F9008F11B2 /* Cells */ = {
			isa = PBXGroup;
			children = (
				7B09F48B2526B98600434C6D /* APOD */,
				7B1109B1251C3D11008F11B2 /* Models */,
			);
			path = Cells;
			sourceTree = "<group>";
		};
		7B1109B1251C3D11008F11B2 /* Models */ = {
			isa = PBXGroup;
			children = (
				7B1109AA251C3AFF008F11B2 /* Model.swift */,
				7BD3FEA02524342A009933D8 /* APOD.swift */,
			);
			path = Models;
			sourceTree = "<group>";
		};
		7B875CC125151BAE00CB2A6C = {
			isa = PBXGroup;
			children = (
				7B875CCC25151BAE00CB2A6C /* NasaAPI */,
				7B875CCB25151BAE00CB2A6C /* Products */,
			);
			sourceTree = "<group>";
		};
		7B875CCB25151BAE00CB2A6C /* Products */ = {
			isa = PBXGroup;
			children = (
				7B875CCA25151BAE00CB2A6C /* NasaAPI.app */,
			);
			name = Products;
			sourceTree = "<group>";
		};
		7B875CCC25151BAE00CB2A6C /* NasaAPI */ = {
			isa = PBXGroup;
			children = (
				7B875CCD25151BAE00CB2A6C /* AppDelegate.swift */,
				7B875CCF25151BAE00CB2A6C /* SceneDelegate.swift */,
				7BCB85EA2519950900311897 /* Utilities */,
				7BCB85EB2519951D00311897 /* ViewControllers */,
				7B875CD625151BAF00CB2A6C /* Assets.xcassets */,
				7B875CD825151BAF00CB2A6C /* LaunchScreen.storyboard */,
				7B875CDB25151BAF00CB2A6C /* Info.plist */,
			);
			path = NasaAPI;
			sourceTree = "<group>";
		};
		7B8AB244251FF56E0061AF7D /* Protocols */ = {
			isa = PBXGroup;
			children = (
				7B8AB245251FF57B0061AF7D /* Protocols.swift */,
			);
			path = Protocols;
			sourceTree = "<group>";
		};
		7BCB85EA2519950900311897 /* Utilities */ = {
			isa = PBXGroup;
			children = (
				7B1109A5251C39F9008F11B2 /* Cells */,
				7B875CE125151BDD00CB2A6C /* APIMethods.swift */,
				7BCB85E8251994FE00311897 /* Constants.swift */,
				7BCB85E625198CB900311897 /* Helper.swift */,
				7B09F48D2526BC1300434C6D /* ShimmerLayer.swift */,
				7B8AB244251FF56E0061AF7D /* Protocols */,
			);
			path = Utilities;
			sourceTree = "<group>";
		};
		7BCB85EB2519951D00311897 /* ViewControllers */ = {
			isa = PBXGroup;
			children = (
				7B875CD125151BAE00CB2A6C /* HomeViewController.swift */,
				7BA28D6125290FE800CADEC0 /* BirthdayPictureViewController.swift */,
				7B67A842252806E1006505C2 /* DetailViewController.swift */,
				7B8AB252252009220061AF7D /* CellLongPressViewController.swift */,
			);
			path = ViewControllers;
			sourceTree = "<group>";
		};
/* End PBXGroup section */

/* Begin PBXNativeTarget section */
		7B875CC925151BAE00CB2A6C /* NasaAPI */ = {
			isa = PBXNativeTarget;
			buildConfigurationList = 7B875CDE25151BAF00CB2A6C /* Build configuration list for PBXNativeTarget "NasaAPI" */;
			buildPhases = (
				7B875CC625151BAE00CB2A6C /* Sources */,
				7B875CC725151BAE00CB2A6C /* Frameworks */,
				7B875CC825151BAE00CB2A6C /* Resources */,
			);
			buildRules = (
			);
			dependencies = (
			);
			name = NasaAPI;
			productName = NasaAPI;
			productReference = 7B875CCA25151BAE00CB2A6C /* NasaAPI.app */;
			productType = "com.apple.product-type.application";
		};
/* End PBXNativeTarget section */

/* Begin PBXProject section */
		7B875CC225151BAE00CB2A6C /* Project object */ = {
			isa = PBXProject;
			attributes = {
				LastSwiftUpdateCheck = 1170;
				LastUpgradeCheck = 1200;
				ORGANIZATIONNAME = "Nick Viscomi";
				TargetAttributes = {
					7B875CC925151BAE00CB2A6C = {
						CreatedOnToolsVersion = 11.7;
					};
				};
			};
			buildConfigurationList = 7B875CC525151BAE00CB2A6C /* Build configuration list for PBXProject "NasaAPI" */;
			compatibilityVersion = "Xcode 9.3";
			developmentRegion = en;
			hasScannedForEncodings = 0;
			knownRegions = (
				en,
				Base,
			);
			mainGroup = 7B875CC125151BAE00CB2A6C;
			productRefGroup = 7B875CCB25151BAE00CB2A6C /* Products */;
			projectDirPath = "";
			projectRoot = "";
			targets = (
				7B875CC925151BAE00CB2A6C /* NasaAPI */,
			);
		};
/* End PBXProject section */

/* Begin PBXResourcesBuildPhase section */
		7B875CC825151BAE00CB2A6C /* Resources */ = {
			isa = PBXResourcesBuildPhase;
			buildActionMask = 2147483647;
			files = (
				7B875CDA25151BAF00CB2A6C /* LaunchScreen.storyboard in Resources */,
				7B875CD725151BAF00CB2A6C /* Assets.xcassets in Resources */,
			);
			runOnlyForDeploymentPostprocessing = 0;
		};
/* End PBXResourcesBuildPhase section */

/* Begin PBXSourcesBuildPhase section */
		7B875CC625151BAE00CB2A6C /* Sources */ = {
			isa = PBXSourcesBuildPhase;
			buildActionMask = 2147483647;
			files = (
				7B875CD225151BAE00CB2A6C /* HomeViewController.swift in Sources */,
				7BD3FEA12524342A009933D8 /* APOD.swift in Sources */,
				7B875CE225151BDD00CB2A6C /* APIMethods.swift in Sources */,
				7B1109AF251C3D0B008F11B2 /* CollectionViewCell.swift in Sources */,
				7BCB85E725198CB900311897 /* Helper.swift in Sources */,
				7B8AB253252009220061AF7D /* CellLongPressViewController.swift in Sources */,
				7B1109A7251C3A1B008F11B2 /* TableViewCollectionCell.swift in Sources */,
				7B09F48E2526BC1300434C6D /* ShimmerLayer.swift in Sources */,
				7BA28D6225290FE800CADEC0 /* BirthdayPictureViewController.swift in Sources */,
				7B8AB246251FF57B0061AF7D /* Protocols.swift in Sources */,
				7B875CCE25151BAE00CB2A6C /* AppDelegate.swift in Sources */,
				7B875CD025151BAE00CB2A6C /* SceneDelegate.swift in Sources */,
				7BCB85E9251994FE00311897 /* Constants.swift in Sources */,
				7B1109AB251C3AFF008F11B2 /* Model.swift in Sources */,
				7B67A843252806E1006505C2 /* DetailViewController.swift in Sources */,
			);
			runOnlyForDeploymentPostprocessing = 0;
		};
/* End PBXSourcesBuildPhase section */

/* Begin PBXVariantGroup section */
		7B875CD825151BAF00CB2A6C /* LaunchScreen.storyboard */ = {
			isa = PBXVariantGroup;
			children = (
				7B875CD925151BAF00CB2A6C /* Base */,
			);
			name = LaunchScreen.storyboard;
			sourceTree = "<group>";
		};
/* End PBXVariantGroup section */

/* Begin XCBuildConfiguration section */
		7B875CDC25151BAF00CB2A6C /* Debug */ = {
			isa = XCBuildConfiguration;
			buildSettings = {
				ALWAYS_SEARCH_USER_PATHS = NO;
				CLANG_ANALYZER_NONNULL = YES;
				CLANG_ANALYZER_NUMBER_OBJECT_CONVERSION = YES_AGGRESSIVE;
				CLANG_CXX_LANGUAGE_STANDARD = "gnu++14";
				CLANG_CXX_LIBRARY = "libc++";
				CLANG_ENABLE_MODULES = YES;
				CLANG_ENABLE_OBJC_ARC = YES;
				CLANG_ENABLE_OBJC_WEAK = YES;
				CLANG_WARN_BLOCK_CAPTURE_AUTORELEASING = YES;
				CLANG_WARN_BOOL_CONVERSION = YES;
				CLANG_WARN_COMMA = YES;
				CLANG_WARN_CONSTANT_CONVERSION = YES;
				CLANG_WARN_DEPRECATED_OBJC_IMPLEMENTATIONS = YES;
				CLANG_WARN_DIRECT_OBJC_ISA_USAGE = YES_ERROR;
				CLANG_WARN_DOCUMENTATION_COMMENTS = YES;
				CLANG_WARN_EMPTY_BODY = YES;
				CLANG_WARN_ENUM_CONVERSION = YES;
				CLANG_WARN_INFINITE_RECURSION = YES;
				CLANG_WARN_INT_CONVERSION = YES;
				CLANG_WARN_NON_LITERAL_NULL_CONVERSION = YES;
				CLANG_WARN_OBJC_IMPLICIT_RETAIN_SELF = YES;
				CLANG_WARN_OBJC_LITERAL_CONVERSION = YES;
				CLANG_WARN_OBJC_ROOT_CLASS = YES_ERROR;
				CLANG_WARN_QUOTED_INCLUDE_IN_FRAMEWORK_HEADER = YES;
				CLANG_WARN_RANGE_LOOP_ANALYSIS = YES;
				CLANG_WARN_STRICT_PROTOTYPES = YES;
				CLANG_WARN_SUSPICIOUS_MOVE = YES;
				CLANG_WARN_UNGUARDED_AVAILABILITY = YES_AGGRESSIVE;
				CLANG_WARN_UNREACHABLE_CODE = YES;
				CLANG_WARN__DUPLICATE_METHOD_MATCH = YES;
				COPY_PHASE_STRIP = NO;
				DEBUG_INFORMATION_FORMAT = dwarf;
				ENABLE_STRICT_OBJC_MSGSEND = YES;
				ENABLE_TESTABILITY = YES;
				GCC_C_LANGUAGE_STANDARD = gnu11;
				GCC_DYNAMIC_NO_PIC = NO;
				GCC_NO_COMMON_BLOCKS = YES;
				GCC_OPTIMIZATION_LEVEL = 0;
				GCC_PREPROCESSOR_DEFINITIONS = (
					"DEBUG=1",
					"$(inherited)",
				);
				GCC_WARN_64_TO_32_BIT_CONVERSION = YES;
				GCC_WARN_ABOUT_RETURN_TYPE = YES_ERROR;
				GCC_WARN_UNDECLARED_SELECTOR = YES;
				GCC_WARN_UNINITIALIZED_AUTOS = YES_AGGRESSIVE;
				GCC_WARN_UNUSED_FUNCTION = YES;
				GCC_WARN_UNUSED_VARIABLE = YES;
				IPHONEOS_DEPLOYMENT_TARGET = 14.0;
				MTL_ENABLE_DEBUG_INFO = INCLUDE_SOURCE;
				MTL_FAST_MATH = YES;
				ONLY_ACTIVE_ARCH = YES;
				SDKROOT = iphoneos;
				SWIFT_ACTIVE_COMPILATION_CONDITIONS = DEBUG;
				SWIFT_OPTIMIZATION_LEVEL = "-Onone";
			};
			name = Debug;
		};
		7B875CDD25151BAF00CB2A6C /* Release */ = {
			isa = XCBuildConfiguration;
			buildSettings = {
				ALWAYS_SEARCH_USER_PATHS = NO;
				CLANG_ANALYZER_NONNULL = YES;
				CLANG_ANALYZER_NUMBER_OBJECT_CONVERSION = YES_AGGRESSIVE;
				CLANG_CXX_LANGUAGE_STANDARD = "gnu++14";
				CLANG_CXX_LIBRARY = "libc++";
				CLANG_ENABLE_MODULES = YES;
				CLANG_ENABLE_OBJC_ARC = YES;
				CLANG_ENABLE_OBJC_WEAK = YES;
				CLANG_WARN_BLOCK_CAPTURE_AUTORELEASING = YES;
				CLANG_WARN_BOOL_CONVERSION = YES;
				CLANG_WARN_COMMA = YES;
				CLANG_WARN_CONSTANT_CONVERSION = YES;
				CLANG_WARN_DEPRECATED_OBJC_IMPLEMENTATIONS = YES;
				CLANG_WARN_DIRECT_OBJC_ISA_USAGE = YES_ERROR;
				CLANG_WARN_DOCUMENTATION_COMMENTS = YES;
				CLANG_WARN_EMPTY_BODY = YES;
				CLANG_WARN_ENUM_CONVERSION = YES;
				CLANG_WARN_INFINITE_RECURSION = YES;
				CLANG_WARN_INT_CONVERSION = YES;
				CLANG_WARN_NON_LITERAL_NULL_CONVERSION = YES;
				CLANG_WARN_OBJC_IMPLICIT_RETAIN_SELF = YES;
				CLANG_WARN_OBJC_LITERAL_CONVERSION = YES;
				CLANG_WARN_OBJC_ROOT_CLASS = YES_ERROR;
				CLANG_WARN_QUOTED_INCLUDE_IN_FRAMEWORK_HEADER = YES;
				CLANG_WARN_RANGE_LOOP_ANALYSIS = YES;
				CLANG_WARN_STRICT_PROTOTYPES = YES;
				CLANG_WARN_SUSPICIOUS_MOVE = YES;
				CLANG_WARN_UNGUARDED_AVAILABILITY = YES_AGGRESSIVE;
				CLANG_WARN_UNREACHABLE_CODE = YES;
				CLANG_WARN__DUPLICATE_METHOD_MATCH = YES;
				COPY_PHASE_STRIP = NO;
				DEBUG_INFORMATION_FORMAT = "dwarf-with-dsym";
				ENABLE_NS_ASSERTIONS = NO;
				ENABLE_STRICT_OBJC_MSGSEND = YES;
				GCC_C_LANGUAGE_STANDARD = gnu11;
				GCC_NO_COMMON_BLOCKS = YES;
				GCC_WARN_64_TO_32_BIT_CONVERSION = YES;
				GCC_WARN_ABOUT_RETURN_TYPE = YES_ERROR;
				GCC_WARN_UNDECLARED_SELECTOR = YES;
				GCC_WARN_UNINITIALIZED_AUTOS = YES_AGGRESSIVE;
				GCC_WARN_UNUSED_FUNCTION = YES;
				GCC_WARN_UNUSED_VARIABLE = YES;
				IPHONEOS_DEPLOYMENT_TARGET = 14.0;
				MTL_ENABLE_DEBUG_INFO = NO;
				MTL_FAST_MATH = YES;
				SDKROOT = iphoneos;
				SWIFT_COMPILATION_MODE = wholemodule;
				SWIFT_OPTIMIZATION_LEVEL = "-O";
				VALIDATE_PRODUCT = YES;
			};
			name = Release;
		};
		7B875CDF25151BAF00CB2A6C /* Debug */ = {
			isa = XCBuildConfiguration;
			buildSettings = {
				ASSETCATALOG_COMPILER_APPICON_NAME = AppIcon;
				CODE_SIGN_STYLE = Automatic;
				DEVELOPMENT_TEAM = XRWZR9H6VF;
				INFOPLIST_FILE = NasaAPI/Info.plist;
				IPHONEOS_DEPLOYMENT_TARGET = 13.0;
				LD_RUNPATH_SEARCH_PATHS = (
					"$(inherited)",
					"@executable_path/Frameworks",
				);
				PRODUCT_BUNDLE_IDENTIFIER = com.NickViscomi.NasaAPI;
				PRODUCT_NAME = "$(TARGET_NAME)";
				SWIFT_VERSION = 5.0;
				TARGETED_DEVICE_FAMILY = 1;
			};
			name = Debug;
		};
		7B875CE025151BAF00CB2A6C /* Release */ = {
			isa = XCBuildConfiguration;
			buildSettings = {
				ASSETCATALOG_COMPILER_APPICON_NAME = AppIcon;
				CODE_SIGN_STYLE = Automatic;
				DEVELOPMENT_TEAM = XRWZR9H6VF;
				INFOPLIST_FILE = NasaAPI/Info.plist;
				IPHONEOS_DEPLOYMENT_TARGET = 13.0;
				LD_RUNPATH_SEARCH_PATHS = (
					"$(inherited)",
					"@executable_path/Frameworks",
				);
				PRODUCT_BUNDLE_IDENTIFIER = com.NickViscomi.NasaAPI;
				PRODUCT_NAME = "$(TARGET_NAME)";
				SWIFT_VERSION = 5.0;
				TARGETED_DEVICE_FAMILY = 1;
			};
			name = Release;
		};
/* End XCBuildConfiguration section */

/* Begin XCConfigurationList section */
		7B875CC525151BAE00CB2A6C /* Build configuration list for PBXProject "NasaAPI" */ = {
			isa = XCConfigurationList;
			buildConfigurations = (
				7B875CDC25151BAF00CB2A6C /* Debug */,
				7B875CDD25151BAF00CB2A6C /* Release */,
			);
			defaultConfigurationIsVisible = 0;
			defaultConfigurationName = Release;
		};
		7B875CDE25151BAF00CB2A6C /* Build configuration list for PBXNativeTarget "NasaAPI" */ = {
			isa = XCConfigurationList;
			buildConfigurations = (
				7B875CDF25151BAF00CB2A6C /* Debug */,
				7B875CE025151BAF00CB2A6C /* Release */,
			);
			defaultConfigurationIsVisible = 0;
			defaultConfigurationName = Release;
		};
/* End XCConfigurationList section */
	};
	rootObject = 7B875CC225151BAE00CB2A6C /* Project object */;
}
